
Microsoft Visual Studio Solution File, Format Version 12.00
# Visual Studio Version 17
VisualStudioVersion = 17.7.34009.444
MinimumVisualStudioVersion = 10.0.40219.1
Project("{FAE04EC0-301F-11D3-BF4B-00C04F79EFBC}") = "BasicCorePrograms", "BasicCorePrograms.csproj", "{559FBD8F-33CE-4C41-BAF8-0EE54B795A09}"
EndProject
Global
	GlobalSection(SolutionConfigurationPlatforms) = preSolution
		Debug|Any CPU = Debug|Any CPU
		Release|Any CPU = Release|Any CPU
	EndGlobalSection
	GlobalSection(ProjectConfigurationPlatforms) = postSolution
		{559FBD8F-33CE-4C41-BAF8-0EE54B795A09}.Debug|Any CPU.ActiveCfg = Debug|Any CPU
		{559FBD8F-33CE-4C41-BAF8-0EE54B795A09}.Debug|Any CPU.Build.0 = Debug|Any CPU
		{559FBD8F-33CE-4C41-BAF8-0EE54B795A09}.Release|Any CPU.ActiveCfg = Release|Any CPU
		{559FBD8F-33CE-4C41-BAF8-0EE54B795A09}.Release|Any CPU.Build.0 = Release|Any CPU
	EndGlobalSection
	GlobalSection(SolutionProperties) = preSolution
		HideSolutionNode = FALSE
	EndGlobalSection
	GlobalSection(ExtensibilityGlobals) = postSolution
		SolutionGuid = {210FA43B-F3C7-4D90-B0BF-9068E65A08F2}
	EndGlobalSection
EndGlobal
